{
  "pins" : [
    {
      "identity" : "keychainaccess",
      "kind" : "remoteSourceControl",
      "location" : "https://github.com/kishikawakatsumi/KeychainAccess.git",
      "state" : {
        "revision" : "84e546727d66f1adc5439debad16270d0fdd04e7",
        "version" : "4.2.2"
      }
    },
    {
      "identity" : "textview",
      "kind" : "remoteSourceControl",
      "location" : "https://github.com/kenmueller/TextView",
      "state" : {
        "revision" : "06e6939ae4da03565889928cca65647f05fd2d67",
        "version" : "1.5.0"
      }
    }
  ],
  "version" : 2
}
